
Microsoft Visual Studio Solution File, Format Version 12.00
# Visual Studio 15
VisualStudioVersion = 15.0.28307.1433
MinimumVisualStudioVersion = 10.0.40219.1
Project("{FAE04EC0-301F-11D3-BF4B-00C04F79EFBC}") = "AgendaSerializada", "AgendaSerializada\AgendaSerializada.csproj", "{21BE484C-80C6-487B-824A-2BAA34087458}"
EndProject
Project("{FAE04EC0-301F-11D3-BF4B-00C04F79EFBC}") = "BusinessLayer", "BusinessLayer\BusinessLayer.csproj", "{4E7843D5-A6D5-4FCC-912C-0C5B048F20D5}"
EndProject
Project("{FAE04EC0-301F-11D3-BF4B-00C04F79EFBC}") = "Database", "Database\Database.csproj", "{D06F2ACE-DCF4-483E-ABD4-094A87165410}"
EndProject
Global
	GlobalSection(SolutionConfigurationPlatforms) = preSolution
		Debug|Any CPU = Debug|Any CPU
		Release|Any CPU = Release|Any CPU
	EndGlobalSection
	GlobalSection(ProjectConfigurationPlatforms) = postSolution
		{21BE484C-80C6-487B-824A-2BAA34087458}.Debug|Any CPU.ActiveCfg = Debug|Any CPU
		{21BE484C-80C6-487B-824A-2BAA34087458}.Debug|Any CPU.Build.0 = Debug|Any CPU
		{21BE484C-80C6-487B-824A-2BAA34087458}.Release|Any CPU.ActiveCfg = Release|Any CPU
		{21BE484C-80C6-487B-824A-2BAA34087458}.Release|Any CPU.Build.0 = Release|Any CPU
		{4E7843D5-A6D5-4FCC-912C-0C5B048F20D5}.Debug|Any CPU.ActiveCfg = Debug|Any CPU
		{4E7843D5-A6D5-4FCC-912C-0C5B048F20D5}.Debug|Any CPU.Build.0 = Debug|Any CPU
		{4E7843D5-A6D5-4FCC-912C-0C5B048F20D5}.Release|Any CPU.ActiveCfg = Release|Any CPU
		{4E7843D5-A6D5-4FCC-912C-0C5B048F20D5}.Release|Any CPU.Build.0 = Release|Any CPU
		{D06F2ACE-DCF4-483E-ABD4-094A87165410}.Debug|Any CPU.ActiveCfg = Debug|Any CPU
		{D06F2ACE-DCF4-483E-ABD4-094A87165410}.Debug|Any CPU.Build.0 = Debug|Any CPU
		{D06F2ACE-DCF4-483E-ABD4-094A87165410}.Release|Any CPU.ActiveCfg = Release|Any CPU
		{D06F2ACE-DCF4-483E-ABD4-094A87165410}.Release|Any CPU.Build.0 = Release|Any CPU
	EndGlobalSection
	GlobalSection(SolutionProperties) = preSolution
		HideSolutionNode = FALSE
	EndGlobalSection
	GlobalSection(ExtensibilityGlobals) = postSolution
		SolutionGuid = {2D2380F8-4A0F-4585-814E-1242C96987C8}
	EndGlobalSection
EndGlobal
